// !$*UTF8*$!
{
	archiveVersion = 1;
	classes = {
	};
	objectVersion = 55;
	objects = {

/* Begin PBXBuildFile section */
		042246372A62B4FE004DD867 /* TableDetailsViewController.swift in Sources */ = {isa = PBXBuildFile; fileRef = 042246362A62B4FE004DD867 /* TableDetailsViewController.swift */; };
		042246392A62BFF1004DD867 /* CategoryManagerViewController.swift in Sources */ = {isa = PBXBuildFile; fileRef = 042246382A62BFF1004DD867 /* CategoryManagerViewController.swift */; };
		0422463C2A6562EA004DD867 /* NewDishViewController.swift in Sources */ = {isa = PBXBuildFile; fileRef = 0422463B2A6562EA004DD867 /* NewDishViewController.swift */; };
		0422463E2A657153004DD867 /* DishesViewController.swift in Sources */ = {isa = PBXBuildFile; fileRef = 0422463D2A657153004DD867 /* DishesViewController.swift */; };
		042246402A65D9BA004DD867 /* WaiterViewController.swift in Sources */ = {isa = PBXBuildFile; fileRef = 0422463F2A65D9BA004DD867 /* WaiterViewController.swift */; };
		042246442A66938C004DD867 /* CustomerOrder.swift in Sources */ = {isa = PBXBuildFile; fileRef = 042246432A66938C004DD867 /* CustomerOrder.swift */; };
		0499578A2A61982600D08B99 /* UsersListTableViewController.swift in Sources */ = {isa = PBXBuildFile; fileRef = 049957892A61982600D08B99 /* UsersListTableViewController.swift */; };
		0499578C2A61D4DE00D08B99 /* ExtensionViewController.swift in Sources */ = {isa = PBXBuildFile; fileRef = 0499578B2A61D4DE00D08B99 /* ExtensionViewController.swift */; };
		0499578E2A62A96200D08B99 /* TablesListViewController.swift in Sources */ = {isa = PBXBuildFile; fileRef = 0499578D2A62A96200D08B99 /* TablesListViewController.swift */; };
		04BE30E12A6179AC004A8B24 /* AppDelegate.swift in Sources */ = {isa = PBXBuildFile; fileRef = 04BE30E02A6179AC004A8B24 /* AppDelegate.swift */; };
		04BE30E32A6179AC004A8B24 /* SceneDelegate.swift in Sources */ = {isa = PBXBuildFile; fileRef = 04BE30E22A6179AC004A8B24 /* SceneDelegate.swift */; };
		04BE30E52A6179AC004A8B24 /* LoginViewController.swift in Sources */ = {isa = PBXBuildFile; fileRef = 04BE30E42A6179AC004A8B24 /* LoginViewController.swift */; };
		04BE30E82A6179AC004A8B24 /* Main.storyboard in Resources */ = {isa = PBXBuildFile; fileRef = 04BE30E62A6179AC004A8B24 /* Main.storyboard */; };
		04BE30EA2A6179AF004A8B24 /* Assets.xcassets in Resources */ = {isa = PBXBuildFile; fileRef = 04BE30E92A6179AF004A8B24 /* Assets.xcassets */; };
		04BE30ED2A6179AF004A8B24 /* LaunchScreen.storyboard in Resources */ = {isa = PBXBuildFile; fileRef = 04BE30EB2A6179AF004A8B24 /* LaunchScreen.storyboard */; };
		04BE30F62A617AA2004A8B24 /* Category.swift in Sources */ = {isa = PBXBuildFile; fileRef = 04BE30F52A617AA2004A8B24 /* Category.swift */; };
		04BE30FA2A617AE6004A8B24 /* Dish.swift in Sources */ = {isa = PBXBuildFile; fileRef = 04BE30F92A617AE6004A8B24 /* Dish.swift */; };
		04BE30FC2A617AFC004A8B24 /* Order.swift in Sources */ = {isa = PBXBuildFile; fileRef = 04BE30FB2A617AFC004A8B24 /* Order.swift */; };
		04BE30FE2A617B16004A8B24 /* OrderedDish.swift in Sources */ = {isa = PBXBuildFile; fileRef = 04BE30FD2A617B16004A8B24 /* OrderedDish.swift */; };
		04BE31002A617B2B004A8B24 /* Table.swift in Sources */ = {isa = PBXBuildFile; fileRef = 04BE30FF2A617B2B004A8B24 /* Table.swift */; };
		04BE31022A617B49004A8B24 /* User.swift in Sources */ = {isa = PBXBuildFile; fileRef = 04BE31012A617B49004A8B24 /* User.swift */; };
		04BE31042A61809C004A8B24 /* AdminPanelViewController.swift in Sources */ = {isa = PBXBuildFile; fileRef = 04BE31032A61809C004A8B24 /* AdminPanelViewController.swift */; };
		04BE31072A61825A004A8B24 /* NewUserViewController.swift in Sources */ = {isa = PBXBuildFile; fileRef = 04BE31062A61825A004A8B24 /* NewUserViewController.swift */; };
		04BE31092A6188CB004A8B24 /* Role.swift in Sources */ = {isa = PBXBuildFile; fileRef = 04BE31082A6188CB004A8B24 /* Role.swift */; };
		04E578DD2A66B03700A9042D /* OrderScreenViewController.swift in Sources */ = {isa = PBXBuildFile; fileRef = 04E578DC2A66B03700A9042D /* OrderScreenViewController.swift */; };
		04E578E12A67E6CD00A9042D /* ArchivedOrder.swift in Sources */ = {isa = PBXBuildFile; fileRef = 04E578E02A67E6CD00A9042D /* ArchivedOrder.swift */; };
		04E578E52A6809D300A9042D /* BillViewController.swift in Sources */ = {isa = PBXBuildFile; fileRef = 04E578E42A6809D300A9042D /* BillViewController.swift */; };
		04E578E72A685A3B00A9042D /* ArchivedOrdersViewController.swift in Sources */ = {isa = PBXBuildFile; fileRef = 04E578E62A685A3A00A9042D /* ArchivedOrdersViewController.swift */; };
		04E578E92A685E5600A9042D /* ArchivedOrderDetailViewController.swift in Sources */ = {isa = PBXBuildFile; fileRef = 04E578E82A685E5600A9042D /* ArchivedOrderDetailViewController.swift */; };
		8FA5E8022921727AE3EAC1D9 /* Pods_RestoServe.framework in Frameworks */ = {isa = PBXBuildFile; fileRef = A56E6034F09AFC2E366F1E51 /* Pods_RestoServe.framework */; };
/* End PBXBuildFile section */

/* Begin PBXFileReference section */
		042246362A62B4FE004DD867 /* TableDetailsViewController.swift */ = {isa = PBXFileReference; lastKnownFileType = sourcecode.swift; path = TableDetailsViewController.swift; sourceTree = "<group>"; };
		042246382A62BFF1004DD867 /* CategoryManagerViewController.swift */ = {isa = PBXFileReference; lastKnownFileType = sourcecode.swift; path = CategoryManagerViewController.swift; sourceTree = "<group>"; };
		0422463B2A6562EA004DD867 /* NewDishViewController.swift */ = {isa = PBXFileReference; lastKnownFileType = sourcecode.swift; path = NewDishViewController.swift; sourceTree = "<group>"; };
		0422463D2A657153004DD867 /* DishesViewController.swift */ = {isa = PBXFileReference; lastKnownFileType = sourcecode.swift; path = DishesViewController.swift; sourceTree = "<group>"; };
		0422463F2A65D9BA004DD867 /* WaiterViewController.swift */ = {isa = PBXFileReference; lastKnownFileType = sourcecode.swift; path = WaiterViewController.swift; sourceTree = "<group>"; };
		042246432A66938C004DD867 /* CustomerOrder.swift */ = {isa = PBXFileReference; lastKnownFileType = sourcecode.swift; path = CustomerOrder.swift; sourceTree = "<group>"; };
		049957892A61982600D08B99 /* UsersListTableViewController.swift */ = {isa = PBXFileReference; lastKnownFileType = sourcecode.swift; path = UsersListTableViewController.swift; sourceTree = "<group>"; };
		0499578B2A61D4DE00D08B99 /* ExtensionViewController.swift */ = {isa = PBXFileReference; lastKnownFileType = sourcecode.swift; path = ExtensionViewController.swift; sourceTree = "<group>"; };
		0499578D2A62A96200D08B99 /* TablesListViewController.swift */ = {isa = PBXFileReference; lastKnownFileType = sourcecode.swift; path = TablesListViewController.swift; sourceTree = "<group>"; };
		04BE30DD2A6179AB004A8B24 /* RestoServe.app */ = {isa = PBXFileReference; explicitFileType = wrapper.application; includeInIndex = 0; path = RestoServe.app; sourceTree = BUILT_PRODUCTS_DIR; };
		04BE30E02A6179AC004A8B24 /* AppDelegate.swift */ = {isa = PBXFileReference; lastKnownFileType = sourcecode.swift; path = AppDelegate.swift; sourceTree = "<group>"; };
		04BE30E22A6179AC004A8B24 /* SceneDelegate.swift */ = {isa = PBXFileReference; lastKnownFileType = sourcecode.swift; path = SceneDelegate.swift; sourceTree = "<group>"; };
		04BE30E42A6179AC004A8B24 /* LoginViewController.swift */ = {isa = PBXFileReference; lastKnownFileType = sourcecode.swift; path = LoginViewController.swift; sourceTree = "<group>"; };
		04BE30E72A6179AC004A8B24 /* Base */ = {isa = PBXFileReference; lastKnownFileType = file.storyboard; name = Base; path = Base.lproj/Main.storyboard; sourceTree = "<group>"; };
		04BE30E92A6179AF004A8B24 /* Assets.xcassets */ = {isa = PBXFileReference; lastKnownFileType = folder.assetcatalog; path = Assets.xcassets; sourceTree = "<group>"; };
		04BE30EC2A6179AF004A8B24 /* Base */ = {isa = PBXFileReference; lastKnownFileType = file.storyboard; name = Base; path = Base.lproj/LaunchScreen.storyboard; sourceTree = "<group>"; };
		04BE30EE2A6179AF004A8B24 /* Info.plist */ = {isa = PBXFileReference; lastKnownFileType = text.plist.xml; path = Info.plist; sourceTree = "<group>"; };
		04BE30F52A617AA2004A8B24 /* Category.swift */ = {isa = PBXFileReference; lastKnownFileType = sourcecode.swift; path = Category.swift; sourceTree = "<group>"; };
		04BE30F92A617AE6004A8B24 /* Dish.swift */ = {isa = PBXFileReference; lastKnownFileType = sourcecode.swift; path = Dish.swift; sourceTree = "<group>"; };
		04BE30FB2A617AFC004A8B24 /* Order.swift */ = {isa = PBXFileReference; lastKnownFileType = sourcecode.swift; path = Order.swift; sourceTree = "<group>"; };
		04BE30FD2A617B16004A8B24 /* OrderedDish.swift */ = {isa = PBXFileReference; lastKnownFileType = sourcecode.swift; path = OrderedDish.swift; sourceTree = "<group>"; };
		04BE30FF2A617B2B004A8B24 /* Table.swift */ = {isa = PBXFileReference; lastKnownFileType = sourcecode.swift; path = Table.swift; sourceTree = "<group>"; };
		04BE31012A617B49004A8B24 /* User.swift */ = {isa = PBXFileReference; lastKnownFileType = sourcecode.swift; path = User.swift; sourceTree = "<group>"; };
		04BE31032A61809C004A8B24 /* AdminPanelViewController.swift */ = {isa = PBXFileReference; lastKnownFileType = sourcecode.swift; path = AdminPanelViewController.swift; sourceTree = "<group>"; };
		04BE31062A61825A004A8B24 /* NewUserViewController.swift */ = {isa = PBXFileReference; lastKnownFileType = sourcecode.swift; path = NewUserViewController.swift; sourceTree = "<group>"; };
		04BE31082A6188CB004A8B24 /* Role.swift */ = {isa = PBXFileReference; lastKnownFileType = sourcecode.swift; path = Role.swift; sourceTree = "<group>"; };
		04E578DC2A66B03700A9042D /* OrderScreenViewController.swift */ = {isa = PBXFileReference; lastKnownFileType = sourcecode.swift; path = OrderScreenViewController.swift; sourceTree = "<group>"; };
		04E578E02A67E6CD00A9042D /* ArchivedOrder.swift */ = {isa = PBXFileReference; lastKnownFileType = sourcecode.swift; path = ArchivedOrder.swift; sourceTree = "<group>"; };
		04E578E42A6809D300A9042D /* BillViewController.swift */ = {isa = PBXFileReference; lastKnownFileType = sourcecode.swift; path = BillViewController.swift; sourceTree = "<group>"; };
		04E578E62A685A3A00A9042D /* ArchivedOrdersViewController.swift */ = {isa = PBXFileReference; lastKnownFileType = sourcecode.swift; path = ArchivedOrdersViewController.swift; sourceTree = "<group>"; };
		04E578E82A685E5600A9042D /* ArchivedOrderDetailViewController.swift */ = {isa = PBXFileReference; lastKnownFileType = sourcecode.swift; path = ArchivedOrderDetailViewController.swift; sourceTree = "<group>"; };
		3DA0DC09F9A590867F36A855 /* Pods-RestoServe.debug.xcconfig */ = {isa = PBXFileReference; includeInIndex = 1; lastKnownFileType = text.xcconfig; name = "Pods-RestoServe.debug.xcconfig"; path = "Target Support Files/Pods-RestoServe/Pods-RestoServe.debug.xcconfig"; sourceTree = "<group>"; };
		7119DB0F16F23AFE15CE17D4 /* Pods-RestoServe.release.xcconfig */ = {isa = PBXFileReference; includeInIndex = 1; lastKnownFileType = text.xcconfig; name = "Pods-RestoServe.release.xcconfig"; path = "Target Support Files/Pods-RestoServe/Pods-RestoServe.release.xcconfig"; sourceTree = "<group>"; };
		A56E6034F09AFC2E366F1E51 /* Pods_RestoServe.framework */ = {isa = PBXFileReference; explicitFileType = wrapper.framework; includeInIndex = 0; path = Pods_RestoServe.framework; sourceTree = BUILT_PRODUCTS_DIR; };
/* End PBXFileReference section */

/* Begin PBXFrameworksBuildPhase section */
		04BE30DA2A6179AB004A8B24 /* Frameworks */ = {
			isa = PBXFrameworksBuildPhase;
			buildActionMask = 2147483647;
			files = (
				8FA5E8022921727AE3EAC1D9 /* Pods_RestoServe.framework in Frameworks */,
			);
			runOnlyForDeploymentPostprocessing = 0;
		};
/* End PBXFrameworksBuildPhase section */

/* Begin PBXGroup section */
		0422463A2A63490D004DD867 /* Controller */ = {
			isa = PBXGroup;
			children = (
				04BE31032A61809C004A8B24 /* AdminPanelViewController.swift */,
				04BE31062A61825A004A8B24 /* NewUserViewController.swift */,
				04BE30E42A6179AC004A8B24 /* LoginViewController.swift */,
				049957892A61982600D08B99 /* UsersListTableViewController.swift */,
				0499578B2A61D4DE00D08B99 /* ExtensionViewController.swift */,
				0499578D2A62A96200D08B99 /* TablesListViewController.swift */,
				042246362A62B4FE004DD867 /* TableDetailsViewController.swift */,
				042246382A62BFF1004DD867 /* CategoryManagerViewController.swift */,
				0422463B2A6562EA004DD867 /* NewDishViewController.swift */,
				0422463D2A657153004DD867 /* DishesViewController.swift */,
				0422463F2A65D9BA004DD867 /* WaiterViewController.swift */,
				04E578DC2A66B03700A9042D /* OrderScreenViewController.swift */,
				04E578E42A6809D300A9042D /* BillViewController.swift */,
				04E578E62A685A3A00A9042D /* ArchivedOrdersViewController.swift */,
				04E578E82A685E5600A9042D /* ArchivedOrderDetailViewController.swift */,
			);
			path = Controller;
			sourceTree = "<group>";
		};
		04BE30D42A6179AB004A8B24 = {
			isa = PBXGroup;
			children = (
				04BE30DF2A6179AB004A8B24 /* RestoServe */,
				04BE30DE2A6179AB004A8B24 /* Products */,
				1D3F7E48F3B29E7EE0EFA6F4 /* Pods */,
				FCF99419089DCB8FE7244BD5 /* Frameworks */,
			);
			sourceTree = "<group>";
		};
		04BE30DE2A6179AB004A8B24 /* Products */ = {
			isa = PBXGroup;
			children = (
				04BE30DD2A6179AB004A8B24 /* RestoServe.app */,
			);
			name = Products;
			sourceTree = "<group>";
		};
		04BE30DF2A6179AB004A8B24 /* RestoServe */ = {
			isa = PBXGroup;
			children = (
				0422463A2A63490D004DD867 /* Controller */,
				04BE31052A618234004A8B24 /* View */,
				04BE30F42A617A68004A8B24 /* Model */,
				04BE30E02A6179AC004A8B24 /* AppDelegate.swift */,
				04BE30E22A6179AC004A8B24 /* SceneDelegate.swift */,
				04BE30E92A6179AF004A8B24 /* Assets.xcassets */,
				04BE30EE2A6179AF004A8B24 /* Info.plist */,
			);
			path = RestoServe;
			sourceTree = "<group>";
		};
		04BE30F42A617A68004A8B24 /* Model */ = {
			isa = PBXGroup;
			children = (
				04BE30F52A617AA2004A8B24 /* Category.swift */,
				04BE30F92A617AE6004A8B24 /* Dish.swift */,
				04BE30FB2A617AFC004A8B24 /* Order.swift */,
				04BE30FD2A617B16004A8B24 /* OrderedDish.swift */,
				04BE30FF2A617B2B004A8B24 /* Table.swift */,
				04BE31012A617B49004A8B24 /* User.swift */,
				04BE31082A6188CB004A8B24 /* Role.swift */,
				042246432A66938C004DD867 /* CustomerOrder.swift */,
				04E578E02A67E6CD00A9042D /* ArchivedOrder.swift */,
			);
			path = Model;
			sourceTree = "<group>";
		};
		04BE31052A618234004A8B24 /* View */ = {
			isa = PBXGroup;
			children = (
				04BE30E62A6179AC004A8B24 /* Main.storyboard */,
				04BE30EB2A6179AF004A8B24 /* LaunchScreen.storyboard */,
			);
			path = View;
			sourceTree = "<group>";
		};
		1D3F7E48F3B29E7EE0EFA6F4 /* Pods */ = {
			isa = PBXGroup;
			children = (
				3DA0DC09F9A590867F36A855 /* Pods-RestoServe.debug.xcconfig */,
				7119DB0F16F23AFE15CE17D4 /* Pods-RestoServe.release.xcconfig */,
			);
			path = Pods;
			sourceTree = "<group>";
		};
		FCF99419089DCB8FE7244BD5 /* Frameworks */ = {
			isa = PBXGroup;
			children = (
				A56E6034F09AFC2E366F1E51 /* Pods_RestoServe.framework */,
			);
			name = Frameworks;
			sourceTree = "<group>";
		};
/* End PBXGroup section */

/* Begin PBXNativeTarget section */
		04BE30DC2A6179AB004A8B24 /* RestoServe */ = {
			isa = PBXNativeTarget;
			buildConfigurationList = 04BE30F12A6179AF004A8B24 /* Build configuration list for PBXNativeTarget "RestoServe" */;
			buildPhases = (
				58D8C9D162D5D285CF665D3B /* [CP] Check Pods Manifest.lock */,
				04BE30D92A6179AB004A8B24 /* Sources */,
				04BE30DA2A6179AB004A8B24 /* Frameworks */,
				04BE30DB2A6179AB004A8B24 /* Resources */,
				D9F92CF29FA910E69B6BF111 /* [CP] Embed Pods Frameworks */,
			);
			buildRules = (
			);
			dependencies = (
			);
			name = RestoServe;
			productName = RestoServe;
			productReference = 04BE30DD2A6179AB004A8B24 /* RestoServe.app */;
			productType = "com.apple.product-type.application";
		};
/* End PBXNativeTarget section */

/* Begin PBXProject section */
		04BE30D52A6179AB004A8B24 /* Project object */ = {
			isa = PBXProject;
			attributes = {
				BuildIndependentTargetsInParallel = 1;
				LastSwiftUpdateCheck = 1320;
				LastUpgradeCheck = 1320;
				TargetAttributes = {
					04BE30DC2A6179AB004A8B24 = {
						CreatedOnToolsVersion = 13.2.1;
					};
				};
			};
			buildConfigurationList = 04BE30D82A6179AB004A8B24 /* Build configuration list for PBXProject "RestoServe" */;
			compatibilityVersion = "Xcode 13.0";
			developmentRegion = en;
			hasScannedForEncodings = 0;
			knownRegions = (
				en,
				Base,
			);
			mainGroup = 04BE30D42A6179AB004A8B24;
			productRefGroup = 04BE30DE2A6179AB004A8B24 /* Products */;
			projectDirPath = "";
			projectRoot = "";
			targets = (
				04BE30DC2A6179AB004A8B24 /* RestoServe */,
			);
		};
/* End PBXProject section */

/* Begin PBXResourcesBuildPhase section */
		04BE30DB2A6179AB004A8B24 /* Resources */ = {
			isa = PBXResourcesBuildPhase;
			buildActionMask = 2147483647;
			files = (
				04BE30ED2A6179AF004A8B24 /* LaunchScreen.storyboard in Resources */,
				04BE30EA2A6179AF004A8B24 /* Assets.xcassets in Resources */,
				04BE30E82A6179AC004A8B24 /* Main.storyboard in Resources */,
			);
			runOnlyForDeploymentPostprocessing = 0;
		};
/* End PBXResourcesBuildPhase section */

/* Begin PBXShellScriptBuildPhase section */
		58D8C9D162D5D285CF665D3B /* [CP] Check Pods Manifest.lock */ = {
			isa = PBXShellScriptBuildPhase;
			buildActionMask = 2147483647;
			files = (
			);
			inputFileListPaths = (
			);
			inputPaths = (
				"${PODS_PODFILE_DIR_PATH}/Podfile.lock",
				"${PODS_ROOT}/Manifest.lock",
			);
			name = "[CP] Check Pods Manifest.lock";
			outputFileListPaths = (
			);
			outputPaths = (
				"$(DERIVED_FILE_DIR)/Pods-RestoServe-checkManifestLockResult.txt",
			);
			runOnlyForDeploymentPostprocessing = 0;
			shellPath = /bin/sh;
			shellScript = "diff \"${PODS_PODFILE_DIR_PATH}/Podfile.lock\" \"${PODS_ROOT}/Manifest.lock\" > /dev/null\nif [ $? != 0 ] ; then\n    # print error to STDERR\n    echo \"error: The sandbox is not in sync with the Podfile.lock. Run 'pod install' or update your CocoaPods installation.\" >&2\n    exit 1\nfi\n# This output is used by Xcode 'outputs' to avoid re-running this script phase.\necho \"SUCCESS\" > \"${SCRIPT_OUTPUT_FILE_0}\"\n";
			showEnvVarsInLog = 0;
		};
		D9F92CF29FA910E69B6BF111 /* [CP] Embed Pods Frameworks */ = {
			isa = PBXShellScriptBuildPhase;
			buildActionMask = 2147483647;
			files = (
			);
			inputFileListPaths = (
				"${PODS_ROOT}/Target Support Files/Pods-RestoServe/Pods-RestoServe-frameworks-${CONFIGURATION}-input-files.xcfilelist",
			);
			name = "[CP] Embed Pods Frameworks";
			outputFileListPaths = (
				"${PODS_ROOT}/Target Support Files/Pods-RestoServe/Pods-RestoServe-frameworks-${CONFIGURATION}-output-files.xcfilelist",
			);
			runOnlyForDeploymentPostprocessing = 0;
			shellPath = /bin/sh;
			shellScript = "\"${PODS_ROOT}/Target Support Files/Pods-RestoServe/Pods-RestoServe-frameworks.sh\"\n";
			showEnvVarsInLog = 0;
		};
/* End PBXShellScriptBuildPhase section */

/* Begin PBXSourcesBuildPhase section */
		04BE30D92A6179AB004A8B24 /* Sources */ = {
			isa = PBXSourcesBuildPhase;
			buildActionMask = 2147483647;
			files = (
				04E578E12A67E6CD00A9042D /* ArchivedOrder.swift in Sources */,
				0422463E2A657153004DD867 /* DishesViewController.swift in Sources */,
				04BE30E52A6179AC004A8B24 /* LoginViewController.swift in Sources */,
				04BE30FE2A617B16004A8B24 /* OrderedDish.swift in Sources */,
				04BE30E12A6179AC004A8B24 /* AppDelegate.swift in Sources */,
				04E578E92A685E5600A9042D /* ArchivedOrderDetailViewController.swift in Sources */,
				04E578DD2A66B03700A9042D /* OrderScreenViewController.swift in Sources */,
				042246442A66938C004DD867 /* CustomerOrder.swift in Sources */,
				042246402A65D9BA004DD867 /* WaiterViewController.swift in Sources */,
				04BE31002A617B2B004A8B24 /* Table.swift in Sources */,
				0499578A2A61982600D08B99 /* UsersListTableViewController.swift in Sources */,
				04BE31042A61809C004A8B24 /* AdminPanelViewController.swift in Sources */,
				04BE30FA2A617AE6004A8B24 /* Dish.swift in Sources */,
				0422463C2A6562EA004DD867 /* NewDishViewController.swift in Sources */,
				04BE30E32A6179AC004A8B24 /* SceneDelegate.swift in Sources */,
				04BE30F62A617AA2004A8B24 /* Category.swift in Sources */,
				04BE31022A617B49004A8B24 /* User.swift in Sources */,
				04E578E52A6809D300A9042D /* BillViewController.swift in Sources */,
				0499578C2A61D4DE00D08B99 /* ExtensionViewController.swift in Sources */,
				04BE31092A6188CB004A8B24 /* Role.swift in Sources */,
				04BE31072A61825A004A8B24 /* NewUserViewController.swift in Sources */,
				04E578E72A685A3B00A9042D /* ArchivedOrdersViewController.swift in Sources */,
				04BE30FC2A617AFC004A8B24 /* Order.swift in Sources */,
				0499578E2A62A96200D08B99 /* TablesListViewController.swift in Sources */,
				042246392A62BFF1004DD867 /* CategoryManagerViewController.swift in Sources */,
				042246372A62B4FE004DD867 /* TableDetailsViewController.swift in Sources */,
			);
			runOnlyForDeploymentPostprocessing = 0;
		};
/* End PBXSourcesBuildPhase section */

/* Begin PBXVariantGroup section */
		04BE30E62A6179AC004A8B24 /* Main.storyboard */ = {
			isa = PBXVariantGroup;
			children = (
				04BE30E72A6179AC004A8B24 /* Base */,
			);
			name = Main.storyboard;
			sourceTree = "<group>";
		};
		04BE30EB2A6179AF004A8B24 /* LaunchScreen.storyboard */ = {
			isa = PBXVariantGroup;
			children = (
				04BE30EC2A6179AF004A8B24 /* Base */,
			);
			name = LaunchScreen.storyboard;
			sourceTree = "<group>";
		};
/* End PBXVariantGroup section */

/* Begin XCBuildConfiguration section */
		04BE30EF2A6179AF004A8B24 /* Debug */ = {
			isa = XCBuildConfiguration;
			buildSettings = {
				ALWAYS_SEARCH_USER_PATHS = NO;
				CLANG_ANALYZER_NONNULL = YES;
				CLANG_ANALYZER_NUMBER_OBJECT_CONVERSION = YES_AGGRESSIVE;
				CLANG_CXX_LANGUAGE_STANDARD = "gnu++17";
				CLANG_CXX_LIBRARY = "libc++";
				CLANG_ENABLE_MODULES = YES;
				CLANG_ENABLE_OBJC_ARC = YES;
				CLANG_ENABLE_OBJC_WEAK = YES;
				CLANG_WARN_BLOCK_CAPTURE_AUTORELEASING = YES;
				CLANG_WARN_BOOL_CONVERSION = YES;
				CLANG_WARN_COMMA = YES;
				CLANG_WARN_CONSTANT_CONVERSION = YES;
				CLANG_WARN_DEPRECATED_OBJC_IMPLEMENTATIONS = YES;
				CLANG_WARN_DIRECT_OBJC_ISA_USAGE = YES_ERROR;
				CLANG_WARN_DOCUMENTATION_COMMENTS = YES;
				CLANG_WARN_EMPTY_BODY = YES;
				CLANG_WARN_ENUM_CONVERSION = YES;
				CLANG_WARN_INFINITE_RECURSION = YES;
				CLANG_WARN_INT_CONVERSION = YES;
				CLANG_WARN_NON_LITERAL_NULL_CONVERSION = YES;
				CLANG_WARN_OBJC_IMPLICIT_RETAIN_SELF = YES;
				CLANG_WARN_OBJC_LITERAL_CONVERSION = YES;
				CLANG_WARN_OBJC_ROOT_CLASS = YES_ERROR;
				CLANG_WARN_QUOTED_INCLUDE_IN_FRAMEWORK_HEADER = YES;
				CLANG_WARN_RANGE_LOOP_ANALYSIS = YES;
				CLANG_WARN_STRICT_PROTOTYPES = YES;
				CLANG_WARN_SUSPICIOUS_MOVE = YES;
				CLANG_WARN_UNGUARDED_AVAILABILITY = YES_AGGRESSIVE;
				CLANG_WARN_UNREACHABLE_CODE = YES;
				CLANG_WARN__DUPLICATE_METHOD_MATCH = YES;
				COPY_PHASE_STRIP = NO;
				DEBUG_INFORMATION_FORMAT = dwarf;
				ENABLE_STRICT_OBJC_MSGSEND = YES;
				ENABLE_TESTABILITY = YES;
				GCC_C_LANGUAGE_STANDARD = gnu11;
				GCC_DYNAMIC_NO_PIC = NO;
				GCC_NO_COMMON_BLOCKS = YES;
				GCC_OPTIMIZATION_LEVEL = 0;
				GCC_PREPROCESSOR_DEFINITIONS = (
					"DEBUG=1",
					"$(inherited)",
				);
				GCC_WARN_64_TO_32_BIT_CONVERSION = YES;
				GCC_WARN_ABOUT_RETURN_TYPE = YES_ERROR;
				GCC_WARN_UNDECLARED_SELECTOR = YES;
				GCC_WARN_UNINITIALIZED_AUTOS = YES_AGGRESSIVE;
				GCC_WARN_UNUSED_FUNCTION = YES;
				GCC_WARN_UNUSED_VARIABLE = YES;
				IPHONEOS_DEPLOYMENT_TARGET = 15.2;
				MTL_ENABLE_DEBUG_INFO = INCLUDE_SOURCE;
				MTL_FAST_MATH = YES;
				ONLY_ACTIVE_ARCH = YES;
				SDKROOT = iphoneos;
				SWIFT_ACTIVE_COMPILATION_CONDITIONS = DEBUG;
				SWIFT_OPTIMIZATION_LEVEL = "-Onone";
			};
			name = Debug;
		};
		04BE30F02A6179AF004A8B24 /* Release */ = {
			isa = XCBuildConfiguration;
			buildSettings = {
				ALWAYS_SEARCH_USER_PATHS = NO;
				CLANG_ANALYZER_NONNULL = YES;
				CLANG_ANALYZER_NUMBER_OBJECT_CONVERSION = YES_AGGRESSIVE;
				CLANG_CXX_LANGUAGE_STANDARD = "gnu++17";
				CLANG_CXX_LIBRARY = "libc++";
				CLANG_ENABLE_MODULES = YES;
				CLANG_ENABLE_OBJC_ARC = YES;
				CLANG_ENABLE_OBJC_WEAK = YES;
				CLANG_WARN_BLOCK_CAPTURE_AUTORELEASING = YES;
				CLANG_WARN_BOOL_CONVERSION = YES;
				CLANG_WARN_COMMA = YES;
				CLANG_WARN_CONSTANT_CONVERSION = YES;
				CLANG_WARN_DEPRECATED_OBJC_IMPLEMENTATIONS = YES;
				CLANG_WARN_DIRECT_OBJC_ISA_USAGE = YES_ERROR;
				CLANG_WARN_DOCUMENTATION_COMMENTS = YES;
				CLANG_WARN_EMPTY_BODY = YES;
				CLANG_WARN_ENUM_CONVERSION = YES;
				CLANG_WARN_INFINITE_RECURSION = YES;
				CLANG_WARN_INT_CONVERSION = YES;
				CLANG_WARN_NON_LITERAL_NULL_CONVERSION = YES;
				CLANG_WARN_OBJC_IMPLICIT_RETAIN_SELF = YES;
				CLANG_WARN_OBJC_LITERAL_CONVERSION = YES;
				CLANG_WARN_OBJC_ROOT_CLASS = YES_ERROR;
				CLANG_WARN_QUOTED_INCLUDE_IN_FRAMEWORK_HEADER = YES;
				CLANG_WARN_RANGE_LOOP_ANALYSIS = YES;
				CLANG_WARN_STRICT_PROTOTYPES = YES;
				CLANG_WARN_SUSPICIOUS_MOVE = YES;
				CLANG_WARN_UNGUARDED_AVAILABILITY = YES_AGGRESSIVE;
				CLANG_WARN_UNREACHABLE_CODE = YES;
				CLANG_WARN__DUPLICATE_METHOD_MATCH = YES;
				COPY_PHASE_STRIP = NO;
				DEBUG_INFORMATION_FORMAT = "dwarf-with-dsym";
				ENABLE_NS_ASSERTIONS = NO;
				ENABLE_STRICT_OBJC_MSGSEND = YES;
				GCC_C_LANGUAGE_STANDARD = gnu11;
				GCC_NO_COMMON_BLOCKS = YES;
				GCC_WARN_64_TO_32_BIT_CONVERSION = YES;
				GCC_WARN_ABOUT_RETURN_TYPE = YES_ERROR;
				GCC_WARN_UNDECLARED_SELECTOR = YES;
				GCC_WARN_UNINITIALIZED_AUTOS = YES_AGGRESSIVE;
				GCC_WARN_UNUSED_FUNCTION = YES;
				GCC_WARN_UNUSED_VARIABLE = YES;
				IPHONEOS_DEPLOYMENT_TARGET = 15.2;
				MTL_ENABLE_DEBUG_INFO = NO;
				MTL_FAST_MATH = YES;
				SDKROOT = iphoneos;
				SWIFT_COMPILATION_MODE = wholemodule;
				SWIFT_OPTIMIZATION_LEVEL = "-O";
				VALIDATE_PRODUCT = YES;
			};
			name = Release;
		};
		04BE30F22A6179AF004A8B24 /* Debug */ = {
			isa = XCBuildConfiguration;
			baseConfigurationReference = 3DA0DC09F9A590867F36A855 /* Pods-RestoServe.debug.xcconfig */;
			buildSettings = {
				ASSETCATALOG_COMPILER_APPICON_NAME = AppIcon;
				ASSETCATALOG_COMPILER_GLOBAL_ACCENT_COLOR_NAME = AccentColor;
				CODE_SIGN_STYLE = Automatic;
				CURRENT_PROJECT_VERSION = 1;
				DEVELOPMENT_TEAM = N3M42G7NHF;
				GENERATE_INFOPLIST_FILE = YES;
				INFOPLIST_FILE = RestoServe/Info.plist;
				INFOPLIST_KEY_UIApplicationSupportsIndirectInputEvents = YES;
				INFOPLIST_KEY_UILaunchStoryboardName = LaunchScreen;
				INFOPLIST_KEY_UIMainStoryboardFile = Main;
				INFOPLIST_KEY_UISupportedInterfaceOrientations_iPad = "UIInterfaceOrientationPortrait UIInterfaceOrientationPortraitUpsideDown UIInterfaceOrientationLandscapeLeft UIInterfaceOrientationLandscapeRight";
				INFOPLIST_KEY_UISupportedInterfaceOrientations_iPhone = "UIInterfaceOrientationPortrait UIInterfaceOrientationLandscapeLeft UIInterfaceOrientationLandscapeRight";
				LD_RUNPATH_SEARCH_PATHS = (
					"$(inherited)",
					"@executable_path/Frameworks",
				);
				MARKETING_VERSION = 1.0;
				PRODUCT_BUNDLE_IDENTIFIER = com.vasyltsov.RestoServe;
				PRODUCT_NAME = "$(TARGET_NAME)";
				SWIFT_EMIT_LOC_STRINGS = YES;
				SWIFT_VERSION = 5.0;
				TARGETED_DEVICE_FAMILY = "1,2";
			};
			name = Debug;
		};
		04BE30F32A6179AF004A8B24 /* Release */ = {
			isa = XCBuildConfiguration;
			baseConfigurationReference = 7119DB0F16F23AFE15CE17D4 /* Pods-RestoServe.release.xcconfig */;
			buildSettings = {
				ASSETCATALOG_COMPILER_APPICON_NAME = AppIcon;
				ASSETCATALOG_COMPILER_GLOBAL_ACCENT_COLOR_NAME = AccentColor;
				CODE_SIGN_STYLE = Automatic;
				CURRENT_PROJECT_VERSION = 1;
				DEVELOPMENT_TEAM = N3M42G7NHF;
				GENERATE_INFOPLIST_FILE = YES;
				INFOPLIST_FILE = RestoServe/Info.plist;
				INFOPLIST_KEY_UIApplicationSupportsIndirectInputEvents = YES;
				INFOPLIST_KEY_UILaunchStoryboardName = LaunchScreen;
				INFOPLIST_KEY_UIMainStoryboardFile = Main;
				INFOPLIST_KEY_UISupportedInterfaceOrientations_iPad = "UIInterfaceOrientationPortrait UIInterfaceOrientationPortraitUpsideDown UIInterfaceOrientationLandscapeLeft UIInterfaceOrientationLandscapeRight";
				INFOPLIST_KEY_UISupportedInterfaceOrientations_iPhone = "UIInterfaceOrientationPortrait UIInterfaceOrientationLandscapeLeft UIInterfaceOrientationLandscapeRight";
				LD_RUNPATH_SEARCH_PATHS = (
					"$(inherited)",
					"@executable_path/Frameworks",
				);
				MARKETING_VERSION = 1.0;
				PRODUCT_BUNDLE_IDENTIFIER = com.vasyltsov.RestoServe;
				PRODUCT_NAME = "$(TARGET_NAME)";
				SWIFT_EMIT_LOC_STRINGS = YES;
				SWIFT_VERSION = 5.0;
				TARGETED_DEVICE_FAMILY = "1,2";
			};
			name = Release;
		};
/* End XCBuildConfiguration section */

/* Begin XCConfigurationList section */
		04BE30D82A6179AB004A8B24 /* Build configuration list for PBXProject "RestoServe" */ = {
			isa = XCConfigurationList;
			buildConfigurations = (
				04BE30EF2A6179AF004A8B24 /* Debug */,
				04BE30F02A6179AF004A8B24 /* Release */,
			);
			defaultConfigurationIsVisible = 0;
			defaultConfigurationName = Release;
		};
		04BE30F12A6179AF004A8B24 /* Build configuration list for PBXNativeTarget "RestoServe" */ = {
			isa = XCConfigurationList;
			buildConfigurations = (
				04BE30F22A6179AF004A8B24 /* Debug */,
				04BE30F32A6179AF004A8B24 /* Release */,
			);
			defaultConfigurationIsVisible = 0;
			defaultConfigurationName = Release;
		};
/* End XCConfigurationList section */
	};
	rootObject = 04BE30D52A6179AB004A8B24 /* Project object */;
}
